
Microsoft Visual Studio Solution File, Format Version 12.00
# Visual Studio Version 17
VisualStudioVersion = 17.3.32922.545
MinimumVisualStudioVersion = 10.0.40219.1
Project("{FAE04EC0-301F-11D3-BF4B-00C04F79EFBC}") = "Project_Manager", "Project_Manager\Project_Manager.csproj", "{2054DE8F-3322-4BF4-9297-6E1FE99F01DA}"
EndProject
Global
	GlobalSection(SolutionConfigurationPlatforms) = preSolution
		Debug|Any CPU = Debug|Any CPU
		Release|Any CPU = Release|Any CPU
	EndGlobalSection
	GlobalSection(ProjectConfigurationPlatforms) = postSolution
		{2054DE8F-3322-4BF4-9297-6E1FE99F01DA}.Debug|Any CPU.ActiveCfg = Debug|Any CPU
		{2054DE8F-3322-4BF4-9297-6E1FE99F01DA}.Debug|Any CPU.Build.0 = Debug|Any CPU
		{2054DE8F-3322-4BF4-9297-6E1FE99F01DA}.Release|Any CPU.ActiveCfg = Release|Any CPU
		{2054DE8F-3322-4BF4-9297-6E1FE99F01DA}.Release|Any CPU.Build.0 = Release|Any CPU
	EndGlobalSection
	GlobalSection(SolutionProperties) = preSolution
		HideSolutionNode = FALSE
	EndGlobalSection
	GlobalSection(ExtensibilityGlobals) = postSolution
		SolutionGuid = {5E38AEFC-4A06-45AA-964B-91DB53A3AE05}
	EndGlobalSection
EndGlobal
